{
  "pins" : [
    {
      "identity" : "capacitor-swift-pm",
      "kind" : "remoteSourceControl",
      "location" : "https://github.com/ionic-team/capacitor-swift-pm.git",
      "state" : {
        "revision" : "851c9bf29e7dab6383d6a83866acbc56766169da",
        "version" : "9.0.0-alpha.5"
      }
    }
  ],
  "version" : 2
}
