{
  "originHash" : "47780fe7854a09d587e81dad34929a236cbdcb0f62f07a2505e70efb82e7627f",
  "pins" : [
    {
      "identity" : "capacitor-swift-pm",
      "kind" : "remoteSourceControl",
      "location" : "https://github.com/ionic-team/capacitor-swift-pm.git",
      "state" : {
        "revision" : "8cf9fd3d1a4a57a9deb51ac7c5784f022bb283b7",
        "version" : "9.0.0-alpha.3"
      }
    }
  ],
  "version" : 3
}
